<?xml version="1.0" encoding="utf-8"?>
<Project ToolsVersion="4.0" xmlns="http://schemas.microsoft.com/developer/msbuild/2003">
  <ItemGroup>
    <Filter Include="Source Files">
      <UniqueIdentifier>{4FC737F1-C7A5-4376-A066-2A32D752A2FF}</UniqueIdentifier>
      <Extensions>cpp;c;cc;cxx;def;odl;idl;hpj;bat;asm;asmx</Extensions>
    </Filter>
    <Filter Include="Header Files">
      <UniqueIdentifier>{93995380-89BD-4b04-88EB-625FBE52EBFB}</UniqueIdentifier>
      <Extensions>h;hh;hpp;hxx;hm;inl;inc;xsd</Extensions>
    </Filter>
    <Filter Include="Resource Files">
      <UniqueIdentifier>{67DA6AB6-F800-4c08-8B7A-83BB121AAD01}</UniqueIdentifier>
      <Extensions>rc;ico;cur;bmp;dlg;rc2;rct;bin;rgs;gif;jpg;jpeg;jpe;resx;tiff;tif;png;wav;mfcribbon-ms</Extensions>
    </Filter>
    <Filter Include="Source Files\lua">
      <UniqueIdentifier>{c75ebf72-f44e-4150-8a88-07c7048a9dda}</UniqueIdentifier>
    </Filter>
    <Filter Include="Header Files\lua">
      <UniqueIdentifier>{3f8238e6-0b8f-4b1a-89be-5f111b2e6ea1}</UniqueIdentifier>
    </Filter>
    <Filter Include="Header Files\glue">
      <UniqueIdentifier>{5c34b292-2c54-4bb1-8920-3c057e940339}</UniqueIdentifier>
    </Filter>
    <Filter Include="Header Files\util">
      <UniqueIdentifier>{37664e37-091d-4d60-b390-88b937b150c0}</UniqueIdentifier>
    </Filter>
  </ItemGroup>
  <ItemGroup>
    <ClInclude Include="src\LuaCL.h">
      <Filter>Header Files</Filter>
    </ClInclude>
    <ClInclude Include="lua-5.1.4\src\lapi.h">
      <Filter>Header Files\lua</Filter>
    </ClInclude>
    <ClInclude Include="lua-5.1.4\src\lauxlib.h">
      <Filter>Header Files\lua</Filter>
    </ClInclude>
    <ClInclude Include="lua-5.1.4\src\lcode.h">
      <Filter>Header Files\lua</Filter>
    </ClInclude>
    <ClInclude Include="lua-5.1.4\src\ldebug.h">
      <Filter>Header Files\lua</Filter>
    </ClInclude>
    <ClInclude Include="lua-5.1.4\src\ldo.h">
      <Filter>Header Files\lua</Filter>
    </ClInclude>
    <ClInclude Include="lua-5.1.4\src\lfunc.h">
      <Filter>Header Files\lua</Filter>
    </ClInclude>
    <ClInclude Include="lua-5.1.4\src\lgc.h">
      <Filter>Header Files\lua</Filter>
    </ClInclude>
    <ClInclude Include="lua-5.1.4\src\llex.h">
      <Filter>Header Files\lua</Filter>
    </ClInclude>
    <ClInclude Include="lua-5.1.4\src\llimits.h">
      <Filter>Header Files\lua</Filter>
    </ClInclude>
    <ClInclude Include="lua-5.1.4\src\lmem.h">
      <Filter>Header Files\lua</Filter>
    </ClInclude>
    <ClInclude Include="lua-5.1.4\src\lobject.h">
      <Filter>Header Files\lua</Filter>
    </ClInclude>
    <ClInclude Include="lua-5.1.4\src\lopcodes.h">
      <Filter>Header Files\lua</Filter>
    </ClInclude>
    <ClInclude Include="lua-5.1.4\src\lparser.h">
      <Filter>Header Files\lua</Filter>
    </ClInclude>
    <ClInclude Include="lua-5.1.4\src\lstate.h">
      <Filter>Header Files\lua</Filter>
    </ClInclude>
    <ClInclude Include="lua-5.1.4\src\lstring.h">
      <Filter>Header Files\lua</Filter>
    </ClInclude>
    <ClInclude Include="lua-5.1.4\src\ltable.h">
      <Filter>Header Files\lua</Filter>
    </ClInclude>
    <ClInclude Include="lua-5.1.4\src\ltm.h">
      <Filter>Header Files\lua</Filter>
    </ClInclude>
    <ClInclude Include="lua-5.1.4\src\lua.h">
      <Filter>Header Files\lua</Filter>
    </ClInclude>
    <ClInclude Include="lua-5.1.4\src\luaconf.h">
      <Filter>Header Files\lua</Filter>
    </ClInclude>
    <ClInclude Include="lua-5.1.4\src\lualib.h">
      <Filter>Header Files\lua</Filter>
    </ClInclude>
    <ClInclude Include="lua-5.1.4\src\lundump.h">
      <Filter>Header Files\lua</Filter>
    </ClInclude>
    <ClInclude Include="lua-5.1.4\src\lvm.h">
      <Filter>Header Files\lua</Filter>
    </ClInclude>
    <ClInclude Include="lua-5.1.4\src\lzio.h">
      <Filter>Header Files\lua</Filter>
    </ClInclude>
    <ClInclude Include="src\luacl_buffer.hpp">
      <Filter>Header Files\glue</Filter>
    </ClInclude>
    <ClInclude Include="src\luacl_cmdqueue.hpp">
      <Filter>Header Files\glue</Filter>
    </ClInclude>
    <ClInclude Include="src\luacl_context.hpp">
      <Filter>Header Files\glue</Filter>
    </ClInclude>
    <ClInclude Include="src\luacl_device.hpp">
      <Filter>Header Files\glue</Filter>
    </ClInclude>
    <ClInclude Include="src\luacl_event.hpp">
      <Filter>Header Files\glue</Filter>
    </ClInclude>
    <ClInclude Include="src\luacl_kernel.hpp">
      <Filter>Header Files\glue</Filter>
    </ClInclude>
    <ClInclude Include="src\luacl_object.hpp">
      <Filter>Header Files\glue</Filter>
    </ClInclude>
    <ClInclude Include="src\luacl_platform.hpp">
      <Filter>Header Files\glue</Filter>
    </ClInclude>
    <ClInclude Include="src\luacl_program.hpp">
      <Filter>Header Files\glue</Filter>
    </ClInclude>
    <ClInclude Include="src\luacl_endianness.hpp">
      <Filter>Header Files\util</Filter>
    </ClInclude>
    <ClInclude Include="src\luacl_debug.hpp">
      <Filter>Header Files\util</Filter>
    </ClInclude>
    <ClInclude Include="src\luacl_math.hpp">
      <Filter>Header Files\util</Filter>
    </ClInclude>
    <ClInclude Include="src\luacl_error.hpp">
      <Filter>Header Files\glue</Filter>
    </ClInclude>
  </ItemGroup>
  <ItemGroup>
    <ClCompile Include="src\LuaCL.cpp">
      <Filter>Source Files</Filter>
    </ClCompile>
    <ClCompile Include="lua-5.1.4\src\lapi.c">
      <Filter>Source Files\lua</Filter>
    </ClCompile>
    <ClCompile Include="lua-5.1.4\src\lauxlib.c">
      <Filter>Source Files\lua</Filter>
    </ClCompile>
    <ClCompile Include="lua-5.1.4\src\lbaselib.c">
      <Filter>Source Files\lua</Filter>
    </ClCompile>
    <ClCompile Include="lua-5.1.4\src\lcode.c">
      <Filter>Source Files\lua</Filter>
    </ClCompile>
    <ClCompile Include="lua-5.1.4\src\ldblib.c">
      <Filter>Source Files\lua</Filter>
    </ClCompile>
    <ClCompile Include="lua-5.1.4\src\ldebug.c">
      <Filter>Source Files\lua</Filter>
    </ClCompile>
    <ClCompile Include="lua-5.1.4\src\ldo.c">
      <Filter>Source Files\lua</Filter>
    </ClCompile>
    <ClCompile Include="lua-5.1.4\src\ldump.c">
      <Filter>Source Files\lua</Filter>
    </ClCompile>
    <ClCompile Include="lua-5.1.4\src\lfunc.c">
      <Filter>Source Files\lua</Filter>
    </ClCompile>
    <ClCompile Include="lua-5.1.4\src\lgc.c">
      <Filter>Source Files\lua</Filter>
    </ClCompile>
    <ClCompile Include="lua-5.1.4\src\linit.c">
      <Filter>Source Files\lua</Filter>
    </ClCompile>
    <ClCompile Include="lua-5.1.4\src\liolib.c">
      <Filter>Source Files\lua</Filter>
    </ClCompile>
    <ClCompile Include="lua-5.1.4\src\llex.c">
      <Filter>Source Files\lua</Filter>
    </ClCompile>
    <ClCompile Include="lua-5.1.4\src\lmathlib.c">
      <Filter>Source Files\lua</Filter>
    </ClCompile>
    <ClCompile Include="lua-5.1.4\src\lmem.c">
      <Filter>Source Files\lua</Filter>
    </ClCompile>
    <ClCompile Include="lua-5.1.4\src\loadlib.c">
      <Filter>Source Files\lua</Filter>
    </ClCompile>
    <ClCompile Include="lua-5.1.4\src\lobject.c">
      <Filter>Source Files\lua</Filter>
    </ClCompile>
    <ClCompile Include="lua-5.1.4\src\lopcodes.c">
      <Filter>Source Files\lua</Filter>
    </ClCompile>
    <ClCompile Include="lua-5.1.4\src\loslib.c">
      <Filter>Source Files\lua</Filter>
    </ClCompile>
    <ClCompile Include="lua-5.1.4\src\lparser.c">
      <Filter>Source Files\lua</Filter>
    </ClCompile>
    <ClCompile Include="lua-5.1.4\src\lstate.c">
      <Filter>Source Files\lua</Filter>
    </ClCompile>
    <ClCompile Include="lua-5.1.4\src\lstring.c">
      <Filter>Source Files\lua</Filter>
    </ClCompile>
    <ClCompile Include="lua-5.1.4\src\lstrlib.c">
      <Filter>Source Files\lua</Filter>
    </ClCompile>
    <ClCompile Include="lua-5.1.4\src\ltable.c">
      <Filter>Source Files\lua</Filter>
    </ClCompile>
    <ClCompile Include="lua-5.1.4\src\ltablib.c">
      <Filter>Source Files\lua</Filter>
    </ClCompile>
    <ClCompile Include="lua-5.1.4\src\ltm.c">
      <Filter>Source Files\lua</Filter>
    </ClCompile>
    <ClCompile Include="lua-5.1.4\src\lundump.c">
      <Filter>Source Files\lua</Filter>
    </ClCompile>
    <ClCompile Include="lua-5.1.4\src\lvm.c">
      <Filter>Source Files\lua</Filter>
    </ClCompile>
    <ClCompile Include="lua-5.1.4\src\lzio.c">
      <Filter>Source Files\lua</Filter>
    </ClCompile>
    <ClCompile Include="lua-5.1.4\src\print.c">
      <Filter>Source Files\lua</Filter>
    </ClCompile>
  </ItemGroup>
</Project>
